// !$*UTF8*$!
{
	archiveVersion = 1;
	classes = {
	};
	objectVersion = 50;
	objects = {

/* Begin PBXBuildFile section */
		94855F1A21DBFBFF0059676D /* AppDelegate.swift in Sources */ = {isa = PBXBuildFile; fileRef = 94855F1921DBFBFF0059676D /* AppDelegate.swift */; };
		94855F1C21DBFBFF0059676D /* ViewController.swift in Sources */ = {isa = PBXBuildFile; fileRef = 94855F1B21DBFBFF0059676D /* ViewController.swift */; };
		94855F1F21DBFBFF0059676D /* Main.storyboard in Resources */ = {isa = PBXBuildFile; fileRef = 94855F1D21DBFBFF0059676D /* Main.storyboard */; };
		94855F2221DBFBFF0059676D /* Do_It.xcdatamodeld in Sources */ = {isa = PBXBuildFile; fileRef = 94855F2021DBFBFF0059676D /* Do_It.xcdatamodeld */; };
		94855F2421DBFC010059676D /* Assets.xcassets in Resources */ = {isa = PBXBuildFile; fileRef = 94855F2321DBFC010059676D /* Assets.xcassets */; };
		94855F2721DBFC010059676D /* LaunchScreen.storyboard in Resources */ = {isa = PBXBuildFile; fileRef = 94855F2521DBFC010059676D /* LaunchScreen.storyboard */; };
/* End PBXBuildFile section */

/* Begin PBXFileReference section */
		94855F1621DBFBFF0059676D /* Do It.app */ = {isa = PBXFileReference; explicitFileType = wrapper.application; includeInIndex = 0; path = "Do It.app"; sourceTree = BUILT_PRODUCTS_DIR; };
		94855F1921DBFBFF0059676D /* AppDelegate.swift */ = {isa = PBXFileReference; lastKnownFileType = sourcecode.swift; path = AppDelegate.swift; sourceTree = "<group>"; };
		94855F1B21DBFBFF0059676D /* ViewController.swift */ = {isa = PBXFileReference; lastKnownFileType = sourcecode.swift; path = ViewController.swift; sourceTree = "<group>"; };
		94855F1E21DBFBFF0059676D /* Base */ = {isa = PBXFileReference; lastKnownFileType = file.storyboard; name = Base; path = Base.lproj/Main.storyboard; sourceTree = "<group>"; };
		94855F2121DBFBFF0059676D /* Do_It.xcdatamodel */ = {isa = PBXFileReference; lastKnownFileType = wrapper.xcdatamodel; path = Do_It.xcdatamodel; sourceTree = "<group>"; };
		94855F2321DBFC010059676D /* Assets.xcassets */ = {isa = PBXFileReference; lastKnownFileType = folder.assetcatalog; path = Assets.xcassets; sourceTree = "<group>"; };
		94855F2621DBFC010059676D /* Base */ = {isa = PBXFileReference; lastKnownFileType = file.storyboard; name = Base; path = Base.lproj/LaunchScreen.storyboard; sourceTree = "<group>"; };
		94855F2821DBFC010059676D /* Info.plist */ = {isa = PBXFileReference; lastKnownFileType = text.plist.xml; path = Info.plist; sourceTree = "<group>"; };
/* End PBXFileReference section */

/* Begin PBXFrameworksBuildPhase section */
		94855F1321DBFBFF0059676D /* Frameworks */ = {
			isa = PBXFrameworksBuildPhase;
			buildActionMask = 2147483647;
			files = (
			);
			runOnlyForDeploymentPostprocessing = 0;
		};
/* End PBXFrameworksBuildPhase section */

/* Begin PBXGroup section */
		94855F0D21DBFBFF0059676D = {
			isa = PBXGroup;
			children = (
				94855F1821DBFBFF0059676D /* Do It */,
				94855F1721DBFBFF0059676D /* Products */,
			);
			sourceTree = "<group>";
		};
		94855F1721DBFBFF0059676D /* Products */ = {
			isa = PBXGroup;
			children = (
				94855F1621DBFBFF0059676D /* Do It.app */,
			);
			name = Products;
			sourceTree = "<group>";
		};
		94855F1821DBFBFF0059676D /* Do It */ = {
			isa = PBXGroup;
			children = (
				94855F1921DBFBFF0059676D /* AppDelegate.swift */,
				94855F1B21DBFBFF0059676D /* ViewController.swift */,
				94855F1D21DBFBFF0059676D /* Main.storyboard */,
				94855F2321DBFC010059676D /* Assets.xcassets */,
				94855F2521DBFC010059676D /* LaunchScreen.storyboard */,
				94855F2821DBFC010059676D /* Info.plist */,
				94855F2021DBFBFF0059676D /* Do_It.xcdatamodeld */,
			);
			path = "Do It";
			sourceTree = "<group>";
		};
/* End PBXGroup section */

/* Begin PBXNativeTarget section */
		94855F1521DBFBFF0059676D /* Do It */ = {
			isa = PBXNativeTarget;
			buildConfigurationList = 94855F2B21DBFC010059676D /* Build configuration list for PBXNativeTarget "Do It" */;
			buildPhases = (
				94855F1221DBFBFF0059676D /* Sources */,
				94855F1321DBFBFF0059676D /* Frameworks */,
				94855F1421DBFBFF0059676D /* Resources */,
			);
			buildRules = (
			);
			dependencies = (
			);
			name = "Do It";
			productName = "Do It";
			productReference = 94855F1621DBFBFF0059676D /* Do It.app */;
			productType = "com.apple.product-type.application";
		};
/* End PBXNativeTarget section */

/* Begin PBXProject section */
		94855F0E21DBFBFF0059676D /* Project object */ = {
			isa = PBXProject;
			attributes = {
				LastSwiftUpdateCheck = 1010;
				LastUpgradeCheck = 1010;
				ORGANIZATIONNAME = "Dan Chrest";
				TargetAttributes = {
					94855F1521DBFBFF0059676D = {
						CreatedOnToolsVersion = 10.1;
					};
				};
			};
			buildConfigurationList = 94855F1121DBFBFF0059676D /* Build configuration list for PBXProject "Do It" */;
			compatibilityVersion = "Xcode 9.3";
			developmentRegion = en;
			hasScannedForEncodings = 0;
			knownRegions = (
				en,
				Base,
			);
			mainGroup = 94855F0D21DBFBFF0059676D;
			productRefGroup = 94855F1721DBFBFF0059676D /* Products */;
			projectDirPath = "";
			projectRoot = "";
			targets = (
				94855F1521DBFBFF0059676D /* Do It */,
			);
		};
/* End PBXProject section */

/* Begin PBXResourcesBuildPhase section */
		94855F1421DBFBFF0059676D /* Resources */ = {
			isa = PBXResourcesBuildPhase;
			buildActionMask = 2147483647;
			files = (
				94855F2721DBFC010059676D /* LaunchScreen.storyboard in Resources */,
				94855F2421DBFC010059676D /* Assets.xcassets in Resources */,
				94855F1F21DBFBFF0059676D /* Main.storyboard in Resources */,
			);
			runOnlyForDeploymentPostprocessing = 0;
		};
/* End PBXResourcesBuildPhase section */

/* Begin PBXSourcesBuildPhase section */
		94855F1221DBFBFF0059676D /* Sources */ = {
			isa = PBXSourcesBuildPhase;
			buildActionMask = 2147483647;
			files = (
				94855F2221DBFBFF0059676D /* Do_It.xcdatamodeld in Sources */,
				94855F1C21DBFBFF0059676D /* ViewController.swift in Sources */,
				94855F1A21DBFBFF0059676D /* AppDelegate.swift in Sources */,
			);
			runOnlyForDeploymentPostprocessing = 0;
		};
/* End PBXSourcesBuildPhase section */

/* Begin PBXVariantGroup section */
		94855F1D21DBFBFF0059676D /* Main.storyboard */ = {
			isa = PBXVariantGroup;
			children = (
				94855F1E21DBFBFF0059676D /* Base */,
			);
			name = Main.storyboard;
			sourceTree = "<group>";
		};
		94855F2521DBFC010059676D /* LaunchScreen.storyboard */ = {
			isa = PBXVariantGroup;
			children = (
				94855F2621DBFC010059676D /* Base */,
			);
			name = LaunchScreen.storyboard;
			sourceTree = "<group>";
		};
/* End PBXVariantGroup section */

/* Begin XCBuildConfiguration section */
		94855F2921DBFC010059676D /* Debug */ = {
			isa = XCBuildConfiguration;
			buildSettings = {
				ALWAYS_SEARCH_USER_PATHS = NO;
				CLANG_ANALYZER_NONNULL = YES;
				CLANG_ANALYZER_NUMBER_OBJECT_CONVERSION = YES_AGGRESSIVE;
				CLANG_CXX_LANGUAGE_STANDARD = "gnu++14";
				CLANG_CXX_LIBRARY = "libc++";
				CLANG_ENABLE_MODULES = YES;
				CLANG_ENABLE_OBJC_ARC = YES;
				CLANG_ENABLE_OBJC_WEAK = YES;
				CLANG_WARN_BLOCK_CAPTURE_AUTORELEASING = YES;
				CLANG_WARN_BOOL_CONVERSION = YES;
				CLANG_WARN_COMMA = YES;
				CLANG_WARN_CONSTANT_CONVERSION = YES;
				CLANG_WARN_DEPRECATED_OBJC_IMPLEMENTATIONS = YES;
				CLANG_WARN_DIRECT_OBJC_ISA_USAGE = YES_ERROR;
				CLANG_WARN_DOCUMENTATION_COMMENTS = YES;
				CLANG_WARN_EMPTY_BODY = YES;
				CLANG_WARN_ENUM_CONVERSION = YES;
				CLANG_WARN_INFINITE_RECURSION = YES;
				CLANG_WARN_INT_CONVERSION = YES;
				CLANG_WARN_NON_LITERAL_NULL_CONVERSION = YES;
				CLANG_WARN_OBJC_IMPLICIT_RETAIN_SELF = YES;
				CLANG_WARN_OBJC_LITERAL_CONVERSION = YES;
				CLANG_WARN_OBJC_ROOT_CLASS = YES_ERROR;
				CLANG_WARN_RANGE_LOOP_ANALYSIS = YES;
				CLANG_WARN_STRICT_PROTOTYPES = YES;
				CLANG_WARN_SUSPICIOUS_MOVE = YES;
				CLANG_WARN_UNGUARDED_AVAILABILITY = YES_AGGRESSIVE;
				CLANG_WARN_UNREACHABLE_CODE = YES;
				CLANG_WARN__DUPLICATE_METHOD_MATCH = YES;
				CODE_SIGN_IDENTITY = "iPhone Developer";
				COPY_PHASE_STRIP = NO;
				DEBUG_INFORMATION_FORMAT = dwarf;
				ENABLE_STRICT_OBJC_MSGSEND = YES;
				ENABLE_TESTABILITY = YES;
				GCC_C_LANGUAGE_STANDARD = gnu11;
				GCC_DYNAMIC_NO_PIC = NO;
				GCC_NO_COMMON_BLOCKS = YES;
				GCC_OPTIMIZATION_LEVEL = 0;
				GCC_PREPROCESSOR_DEFINITIONS = (
					"DEBUG=1",
					"$(inherited)",
				);
				GCC_WARN_64_TO_32_BIT_CONVERSION = YES;
				GCC_WARN_ABOUT_RETURN_TYPE = YES_ERROR;
				GCC_WARN_UNDECLARED_SELECTOR = YES;
				GCC_WARN_UNINITIALIZED_AUTOS = YES_AGGRESSIVE;
				GCC_WARN_UNUSED_FUNCTION = YES;
				GCC_WARN_UNUSED_VARIABLE = YES;
				IPHONEOS_DEPLOYMENT_TARGET = 12.1;
				MTL_ENABLE_DEBUG_INFO = INCLUDE_SOURCE;
				MTL_FAST_MATH = YES;
				ONLY_ACTIVE_ARCH = YES;
				SDKROOT = iphoneos;
				SWIFT_ACTIVE_COMPILATION_CONDITIONS = DEBUG;
				SWIFT_OPTIMIZATION_LEVEL = "-Onone";
			};
			name = Debug;
		};
		94855F2A21DBFC010059676D /* Release */ = {
			isa = XCBuildConfiguration;
			buildSettings = {
				ALWAYS_SEARCH_USER_PATHS = NO;
				CLANG_ANALYZER_NONNULL = YES;
				CLANG_ANALYZER_NUMBER_OBJECT_CONVERSION = YES_AGGRESSIVE;
				CLANG_CXX_LANGUAGE_STANDARD = "gnu++14";
				CLANG_CXX_LIBRARY = "libc++";
				CLANG_ENABLE_MODULES = YES;
				CLANG_ENABLE_OBJC_ARC = YES;
				CLANG_ENABLE_OBJC_WEAK = YES;
				CLANG_WARN_BLOCK_CAPTURE_AUTORELEASING = YES;
				CLANG_WARN_BOOL_CONVERSION = YES;
				CLANG_WARN_COMMA = YES;
				CLANG_WARN_CONSTANT_CONVERSION = YES;
				CLANG_WARN_DEPRECATED_OBJC_IMPLEMENTATIONS = YES;
				CLANG_WARN_DIRECT_OBJC_ISA_USAGE = YES_ERROR;
				CLANG_WARN_DOCUMENTATION_COMMENTS = YES;
				CLANG_WARN_EMPTY_BODY = YES;
				CLANG_WARN_ENUM_CONVERSION = YES;
				CLANG_WARN_INFINITE_RECURSION = YES;
				CLANG_WARN_INT_CONVERSION = YES;
				CLANG_WARN_NON_LITERAL_NULL_CONVERSION = YES;
				CLANG_WARN_OBJC_IMPLICIT_RETAIN_SELF = YES;
				CLANG_WARN_OBJC_LITERAL_CONVERSION = YES;
				CLANG_WARN_OBJC_ROOT_CLASS = YES_ERROR;
				CLANG_WARN_RANGE_LOOP_ANALYSIS = YES;
				CLANG_WARN_STRICT_PROTOTYPES = YES;
				CLANG_WARN_SUSPICIOUS_MOVE = YES;
				CLANG_WARN_UNGUARDED_AVAILABILITY = YES_AGGRESSIVE;
				CLANG_WARN_UNREACHABLE_CODE = YES;
				CLANG_WARN__DUPLICATE_METHOD_MATCH = YES;
				CODE_SIGN_IDENTITY = "iPhone Developer";
				COPY_PHASE_STRIP = NO;
				DEBUG_INFORMATION_FORMAT = "dwarf-with-dsym";
				ENABLE_NS_ASSERTIONS = NO;
				ENABLE_STRICT_OBJC_MSGSEND = YES;
				GCC_C_LANGUAGE_STANDARD = gnu11;
				GCC_NO_COMMON_BLOCKS = YES;
				GCC_WARN_64_TO_32_BIT_CONVERSION = YES;
				GCC_WARN_ABOUT_RETURN_TYPE = YES_ERROR;
				GCC_WARN_UNDECLARED_SELECTOR = YES;
				GCC_WARN_UNINITIALIZED_AUTOS = YES_AGGRESSIVE;
				GCC_WARN_UNUSED_FUNCTION = YES;
				GCC_WARN_UNUSED_VARIABLE = YES;
				IPHONEOS_DEPLOYMENT_TARGET = 12.1;
				MTL_ENABLE_DEBUG_INFO = NO;
				MTL_FAST_MATH = YES;
				SDKROOT = iphoneos;
				SWIFT_COMPILATION_MODE = wholemodule;
				SWIFT_OPTIMIZATION_LEVEL = "-O";
				VALIDATE_PRODUCT = YES;
			};
			name = Release;
		};
		94855F2C21DBFC010059676D /* Debug */ = {
			isa = XCBuildConfiguration;
			buildSettings = {
				ASSETCATALOG_COMPILER_APPICON_NAME = AppIcon;
				CODE_SIGN_STYLE = Automatic;
				INFOPLIST_FILE = "Do It/Info.plist";
				LD_RUNPATH_SEARCH_PATHS = (
					"$(inherited)",
					"@executable_path/Frameworks",
				);
				PRODUCT_BUNDLE_IDENTIFIER = "DC.Do-It";
				PRODUCT_NAME = "$(TARGET_NAME)";
				SWIFT_VERSION = 4.2;
				TARGETED_DEVICE_FAMILY = "1,2";
			};
			name = Debug;
		};
		94855F2D21DBFC010059676D /* Release */ = {
			isa = XCBuildConfiguration;
			buildSettings = {
				ASSETCATALOG_COMPILER_APPICON_NAME = AppIcon;
				CODE_SIGN_STYLE = Automatic;
				INFOPLIST_FILE = "Do It/Info.plist";
				LD_RUNPATH_SEARCH_PATHS = (
					"$(inherited)",
					"@executable_path/Frameworks",
				);
				PRODUCT_BUNDLE_IDENTIFIER = "DC.Do-It";
				PRODUCT_NAME = "$(TARGET_NAME)";
				SWIFT_VERSION = 4.2;
				TARGETED_DEVICE_FAMILY = "1,2";
			};
			name = Release;
		};
/* End XCBuildConfiguration section */

/* Begin XCConfigurationList section */
		94855F1121DBFBFF0059676D /* Build configuration list for PBXProject "Do It" */ = {
			isa = XCConfigurationList;
			buildConfigurations = (
				94855F2921DBFC010059676D /* Debug */,
				94855F2A21DBFC010059676D /* Release */,
			);
			defaultConfigurationIsVisible = 0;
			defaultConfigurationName = Release;
		};
		94855F2B21DBFC010059676D /* Build configuration list for PBXNativeTarget "Do It" */ = {
			isa = XCConfigurationList;
			buildConfigurations = (
				94855F2C21DBFC010059676D /* Debug */,
				94855F2D21DBFC010059676D /* Release */,
			);
			defaultConfigurationIsVisible = 0;
			defaultConfigurationName = Release;
		};
/* End XCConfigurationList section */

/* Begin XCVersionGroup section */
		94855F2021DBFBFF0059676D /* Do_It.xcdatamodeld */ = {
			isa = XCVersionGroup;
			children = (
				94855F2121DBFBFF0059676D /* Do_It.xcdatamodel */,
			);
			currentVersion = 94855F2121DBFBFF0059676D /* Do_It.xcdatamodel */;
			path = Do_It.xcdatamodeld;
			sourceTree = "<group>";
			versionGroupType = wrapper.xcdatamodel;
		};
/* End XCVersionGroup section */
	};
	rootObject = 94855F0E21DBFBFF0059676D /* Project object */;
}
